
Microsoft Visual Studio Solution File, Format Version 12.00
# Visual Studio 15
VisualStudioVersion = 15.0.28307.852
MinimumVisualStudioVersion = 10.0.40219.1
Project("{9A19103F-16F7-4668-BE54-9A1E7A4F7556}") = "Products.Web", "Products.Web\Products.Web.csproj", "{57A25960-50A3-4C3C-8FFE-41DE5DF201F8}"
EndProject
Project("{9A19103F-16F7-4668-BE54-9A1E7A4F7556}") = "Products.Data", "Products.Data\Products.Data.csproj", "{EE1AC825-75A9-45F9-84CF-F06D03675022}"
EndProject
Project("{9A19103F-16F7-4668-BE54-9A1E7A4F7556}") = "Products.Business", "Products.Business\Products.Business.csproj", "{C3DDF473-719A-4E04-BD0E-0E05E250C2A3}"
EndProject
Project("{FAE04EC0-301F-11D3-BF4B-00C04F79EFBC}") = "Products.Web.Tests", "Products.Web.Tests\Products.Web.Tests.csproj", "{92B705A3-4627-4F1D-98B1-9791F6915FCD}"
EndProject
Global
	GlobalSection(SolutionConfigurationPlatforms) = preSolution
		Debug|Any CPU = Debug|Any CPU
		Release|Any CPU = Release|Any CPU
	EndGlobalSection
	GlobalSection(ProjectConfigurationPlatforms) = postSolution
		{57A25960-50A3-4C3C-8FFE-41DE5DF201F8}.Debug|Any CPU.ActiveCfg = Debug|Any CPU
		{57A25960-50A3-4C3C-8FFE-41DE5DF201F8}.Debug|Any CPU.Build.0 = Debug|Any CPU
		{57A25960-50A3-4C3C-8FFE-41DE5DF201F8}.Release|Any CPU.ActiveCfg = Release|Any CPU
		{57A25960-50A3-4C3C-8FFE-41DE5DF201F8}.Release|Any CPU.Build.0 = Release|Any CPU
		{EE1AC825-75A9-45F9-84CF-F06D03675022}.Debug|Any CPU.ActiveCfg = Debug|Any CPU
		{EE1AC825-75A9-45F9-84CF-F06D03675022}.Debug|Any CPU.Build.0 = Debug|Any CPU
		{EE1AC825-75A9-45F9-84CF-F06D03675022}.Release|Any CPU.ActiveCfg = Release|Any CPU
		{EE1AC825-75A9-45F9-84CF-F06D03675022}.Release|Any CPU.Build.0 = Release|Any CPU
		{C3DDF473-719A-4E04-BD0E-0E05E250C2A3}.Debug|Any CPU.ActiveCfg = Debug|Any CPU
		{C3DDF473-719A-4E04-BD0E-0E05E250C2A3}.Debug|Any CPU.Build.0 = Debug|Any CPU
		{C3DDF473-719A-4E04-BD0E-0E05E250C2A3}.Release|Any CPU.ActiveCfg = Release|Any CPU
		{C3DDF473-719A-4E04-BD0E-0E05E250C2A3}.Release|Any CPU.Build.0 = Release|Any CPU
		{92B705A3-4627-4F1D-98B1-9791F6915FCD}.Debug|Any CPU.ActiveCfg = Debug|Any CPU
		{92B705A3-4627-4F1D-98B1-9791F6915FCD}.Debug|Any CPU.Build.0 = Debug|Any CPU
		{92B705A3-4627-4F1D-98B1-9791F6915FCD}.Release|Any CPU.ActiveCfg = Release|Any CPU
		{92B705A3-4627-4F1D-98B1-9791F6915FCD}.Release|Any CPU.Build.0 = Release|Any CPU
	EndGlobalSection
	GlobalSection(SolutionProperties) = preSolution
		HideSolutionNode = FALSE
	EndGlobalSection
	GlobalSection(ExtensibilityGlobals) = postSolution
		SolutionGuid = {CEC6886E-EA64-4DE4-8E6E-0E3074DF7EB5}
	EndGlobalSection
EndGlobal
